
Microsoft Visual Studio Solution File, Format Version 12.00
# Visual Studio 15
VisualStudioVersion = 15.0.28010.2016
MinimumVisualStudioVersion = 10.0.40219.1
Project("{F184B08F-C81C-45F6-A57F-5ABD9991F28F}") = "1.5 KeyEvent", "1.5 KeyEvent\1.5 KeyEvent.vbproj", "{C9E8AC3B-0744-43C7-B285-BE9F1CA37F0E}"
EndProject
Global
	GlobalSection(SolutionConfigurationPlatforms) = preSolution
		Debug|Any CPU = Debug|Any CPU
		Release|Any CPU = Release|Any CPU
	EndGlobalSection
	GlobalSection(ProjectConfigurationPlatforms) = postSolution
		{C9E8AC3B-0744-43C7-B285-BE9F1CA37F0E}.Debug|Any CPU.ActiveCfg = Debug|Any CPU
		{C9E8AC3B-0744-43C7-B285-BE9F1CA37F0E}.Debug|Any CPU.Build.0 = Debug|Any CPU
		{C9E8AC3B-0744-43C7-B285-BE9F1CA37F0E}.Release|Any CPU.ActiveCfg = Release|Any CPU
		{C9E8AC3B-0744-43C7-B285-BE9F1CA37F0E}.Release|Any CPU.Build.0 = Release|Any CPU
	EndGlobalSection
	GlobalSection(SolutionProperties) = preSolution
		HideSolutionNode = FALSE
	EndGlobalSection
	GlobalSection(ExtensibilityGlobals) = postSolution
		SolutionGuid = {C754BABA-DD89-4E01-B322-C020FEE1B57A}
	EndGlobalSection
EndGlobal
